
Microsoft Visual Studio Solution File, Format Version 12.00
# Visual Studio 14
VisualStudioVersion = 14.0.25420.1
MinimumVisualStudioVersion = 10.0.40219.1
Project("{8BC9CEB8-8B4A-11D0-8D11-00A0C91BC942}") = "server", "test1\test1.vcxproj", "{E85B79B2-D773-4BF1-A96E-AC095A0AC94C}"
EndProject
Project("{8BC9CEB8-8B4A-11D0-8D11-00A0C91BC942}") = "client", "client\client.vcxproj", "{27128096-13C7-4215-B905-DDDB0D146B45}"
EndProject
Global
	GlobalSection(SolutionConfigurationPlatforms) = preSolution
		Debug|x64 = Debug|x64
		Debug|x86 = Debug|x86
		Release|x64 = Release|x64
		Release|x86 = Release|x86
	EndGlobalSection
	GlobalSection(ProjectConfigurationPlatforms) = postSolution
		{E85B79B2-D773-4BF1-A96E-AC095A0AC94C}.Debug|x64.ActiveCfg = Debug|x64
		{E85B79B2-D773-4BF1-A96E-AC095A0AC94C}.Debug|x64.Build.0 = Debug|x64
		{E85B79B2-D773-4BF1-A96E-AC095A0AC94C}.Debug|x86.ActiveCfg = Debug|Win32
		{E85B79B2-D773-4BF1-A96E-AC095A0AC94C}.Debug|x86.Build.0 = Debug|Win32
		{E85B79B2-D773-4BF1-A96E-AC095A0AC94C}.Release|x64.ActiveCfg = Release|x64
		{E85B79B2-D773-4BF1-A96E-AC095A0AC94C}.Release|x64.Build.0 = Release|x64
		{E85B79B2-D773-4BF1-A96E-AC095A0AC94C}.Release|x86.ActiveCfg = Release|Win32
		{E85B79B2-D773-4BF1-A96E-AC095A0AC94C}.Release|x86.Build.0 = Release|Win32
		{27128096-13C7-4215-B905-DDDB0D146B45}.Debug|x64.ActiveCfg = Debug|x64
		{27128096-13C7-4215-B905-DDDB0D146B45}.Debug|x64.Build.0 = Debug|x64
		{27128096-13C7-4215-B905-DDDB0D146B45}.Debug|x86.ActiveCfg = Debug|Win32
		{27128096-13C7-4215-B905-DDDB0D146B45}.Debug|x86.Build.0 = Debug|Win32
		{27128096-13C7-4215-B905-DDDB0D146B45}.Release|x64.ActiveCfg = Release|x64
		{27128096-13C7-4215-B905-DDDB0D146B45}.Release|x64.Build.0 = Release|x64
		{27128096-13C7-4215-B905-DDDB0D146B45}.Release|x86.ActiveCfg = Release|Win32
		{27128096-13C7-4215-B905-DDDB0D146B45}.Release|x86.Build.0 = Release|Win32
	EndGlobalSection
	GlobalSection(SolutionProperties) = preSolution
		HideSolutionNode = FALSE
	EndGlobalSection
EndGlobal
